PODS:
  - libextobjc (0.4.1):
    - libextobjc/EXTADT (= 0.4.1)
    - libextobjc/EXTConcreteProtocol (= 0.4.1)
    - libextobjc/EXTKeyPathCoding (= 0.4.1)
    - libextobjc/EXTNil (= 0.4.1)
    - libextobjc/EXTSafeCategory (= 0.4.1)
    - libextobjc/EXTScope (= 0.4.1)
    - libextobjc/EXTSelectorChecking (= 0.4.1)
    - libextobjc/EXTSynthesize (= 0.4.1)
    - libextobjc/NSInvocation+EXT (= 0.4.1)
    - libextobjc/NSMethodSignature+EXT (= 0.4.1)
    - libextobjc/RuntimeExtensions (= 0.4.1)
    - libextobjc/UmbrellaHeader (= 0.4.1)
  - libextobjc/EXTADT (0.4.1):
    - libextobjc/RuntimeExtensions
  - libextobjc/EXTConcreteProtocol (0.4.1):
    - libextobjc/RuntimeExtensions
  - libextobjc/EXTKeyPathCoding (0.4.1):
    - libextobjc/RuntimeExtensions
  - libextobjc/EXTNil (0.4.1):
    - libextobjc/RuntimeExtensions
  - libextobjc/EXTSafeCategory (0.4.1):
    - libextobjc/RuntimeExtensions
  - libextobjc/EXTScope (0.4.1):
    - libextobjc/RuntimeExtensions
  - libextobjc/EXTSelectorChecking (0.4.1):
    - libextobjc/RuntimeExtensions
  - libextobjc/EXTSynthesize (0.4.1):
    - libextobjc/RuntimeExtensions
  - libextobjc/NSInvocation+EXT (0.4.1):
    - libextobjc/RuntimeExtensions
  - libextobjc/NSMethodSignature+EXT (0.4.1):
    - libextobjc/RuntimeExtensions
  - libextobjc/RuntimeExtensions (0.4.1)
  - libextobjc/UmbrellaHeader (0.4.1)
  - TestFramework (1.0):
    - libextobjc

DEPENDENCIES:
  - TestFramework (from `TestFramework.podspec`)

EXTERNAL SOURCES:
  TestFramework:
    :path: TestFramework.podspec

SPEC CHECKSUMS:
  libextobjc: 7573758c1bb936c887b4a22ef83ed021661a6756
  TestFramework: 6ea7c59a18aec1ccbe75f1ebde0fa833adf04f8f

PODFILE CHECKSUM: fad15978f3ee62ffedb88f30356b19539d770a1e

COCOAPODS: 1.0.0
